// !$*UTF8*$!
{
	archiveVersion = 1;
	classes = {
	};
	objectVersion = 56;
	objects = {

/* Begin PBXBuildFile section */
		33E815022A07F5280038DAFA /* MindMyHatApp.swift in Sources */ = {isa = PBXBuildFile; fileRef = 33E815012A07F5280038DAFA /* MindMyHatApp.swift */; };
		33E815042A07F5280038DAFA /* ContentView.swift in Sources */ = {isa = PBXBuildFile; fileRef = 33E815032A07F5280038DAFA /* ContentView.swift */; };
		33E815062A07F5290038DAFA /* Assets.xcassets in Resources */ = {isa = PBXBuildFile; fileRef = 33E815052A07F5290038DAFA /* Assets.xcassets */; };
		33E815092A07F5290038DAFA /* Preview Assets.xcassets in Resources */ = {isa = PBXBuildFile; fileRef = 33E815082A07F5290038DAFA /* Preview Assets.xcassets */; };
		33E815132A07F52A0038DAFA /* MindMyHatTests.swift in Sources */ = {isa = PBXBuildFile; fileRef = 33E815122A07F52A0038DAFA /* MindMyHatTests.swift */; };
		33E8151D2A07F52A0038DAFA /* MindMyHatUITests.swift in Sources */ = {isa = PBXBuildFile; fileRef = 33E8151C2A07F52A0038DAFA /* MindMyHatUITests.swift */; };
		33E8151F2A07F52A0038DAFA /* MindMyHatUITestsLaunchTests.swift in Sources */ = {isa = PBXBuildFile; fileRef = 33E8151E2A07F52A0038DAFA /* MindMyHatUITestsLaunchTests.swift */; };
		33E8152C2A07F5450038DAFA /* README.md in Resources */ = {isa = PBXBuildFile; fileRef = 33E8152B2A07F5450038DAFA /* README.md */; };
/* End PBXBuildFile section */

/* Begin PBXContainerItemProxy section */
		33E8150F2A07F52A0038DAFA /* PBXContainerItemProxy */ = {
			isa = PBXContainerItemProxy;
			containerPortal = 33E814F62A07F5270038DAFA /* Project object */;
			proxyType = 1;
			remoteGlobalIDString = 33E814FD2A07F5280038DAFA;
			remoteInfo = MindMyHat;
		};
		33E815192A07F52A0038DAFA /* PBXContainerItemProxy */ = {
			isa = PBXContainerItemProxy;
			containerPortal = 33E814F62A07F5270038DAFA /* Project object */;
			proxyType = 1;
			remoteGlobalIDString = 33E814FD2A07F5280038DAFA;
			remoteInfo = MindMyHat;
		};
/* End PBXContainerItemProxy section */

/* Begin PBXFileReference section */
		33E814FE2A07F5280038DAFA /* MindMyHat.app */ = {isa = PBXFileReference; explicitFileType = wrapper.application; includeInIndex = 0; path = MindMyHat.app; sourceTree = BUILT_PRODUCTS_DIR; };
		33E815012A07F5280038DAFA /* MindMyHatApp.swift */ = {isa = PBXFileReference; lastKnownFileType = sourcecode.swift; path = MindMyHatApp.swift; sourceTree = "<group>"; };
		33E815032A07F5280038DAFA /* ContentView.swift */ = {isa = PBXFileReference; lastKnownFileType = sourcecode.swift; path = ContentView.swift; sourceTree = "<group>"; };
		33E815052A07F5290038DAFA /* Assets.xcassets */ = {isa = PBXFileReference; lastKnownFileType = folder.assetcatalog; path = Assets.xcassets; sourceTree = "<group>"; };
		33E815082A07F5290038DAFA /* Preview Assets.xcassets */ = {isa = PBXFileReference; lastKnownFileType = folder.assetcatalog; path = "Preview Assets.xcassets"; sourceTree = "<group>"; };
		33E8150E2A07F52A0038DAFA /* MindMyHatTests.xctest */ = {isa = PBXFileReference; explicitFileType = wrapper.cfbundle; includeInIndex = 0; path = MindMyHatTests.xctest; sourceTree = BUILT_PRODUCTS_DIR; };
		33E815122A07F52A0038DAFA /* MindMyHatTests.swift */ = {isa = PBXFileReference; lastKnownFileType = sourcecode.swift; path = MindMyHatTests.swift; sourceTree = "<group>"; };
		33E815182A07F52A0038DAFA /* MindMyHatUITests.xctest */ = {isa = PBXFileReference; explicitFileType = wrapper.cfbundle; includeInIndex = 0; path = MindMyHatUITests.xctest; sourceTree = BUILT_PRODUCTS_DIR; };
		33E8151C2A07F52A0038DAFA /* MindMyHatUITests.swift */ = {isa = PBXFileReference; lastKnownFileType = sourcecode.swift; path = MindMyHatUITests.swift; sourceTree = "<group>"; };
		33E8151E2A07F52A0038DAFA /* MindMyHatUITestsLaunchTests.swift */ = {isa = PBXFileReference; lastKnownFileType = sourcecode.swift; path = MindMyHatUITestsLaunchTests.swift; sourceTree = "<group>"; };
		33E8152B2A07F5450038DAFA /* README.md */ = {isa = PBXFileReference; fileEncoding = 4; lastKnownFileType = net.daringfireball.markdown; path = README.md; sourceTree = "<group>"; };
/* End PBXFileReference section */

/* Begin PBXFrameworksBuildPhase section */
		33E814FB2A07F5280038DAFA /* Frameworks */ = {
			isa = PBXFrameworksBuildPhase;
			buildActionMask = 2147483647;
			files = (
			);
			runOnlyForDeploymentPostprocessing = 0;
		};
		33E8150B2A07F52A0038DAFA /* Frameworks */ = {
			isa = PBXFrameworksBuildPhase;
			buildActionMask = 2147483647;
			files = (
			);
			runOnlyForDeploymentPostprocessing = 0;
		};
		33E815152A07F52A0038DAFA /* Frameworks */ = {
			isa = PBXFrameworksBuildPhase;
			buildActionMask = 2147483647;
			files = (
			);
			runOnlyForDeploymentPostprocessing = 0;
		};
/* End PBXFrameworksBuildPhase section */

/* Begin PBXGroup section */
		33E814F52A07F5270038DAFA = {
			isa = PBXGroup;
			children = (
				33E815002A07F5280038DAFA /* MindMyHat */,
				33E815112A07F52A0038DAFA /* MindMyHatTests */,
				33E8151B2A07F52A0038DAFA /* MindMyHatUITests */,
				33E814FF2A07F5280038DAFA /* Products */,
			);
			sourceTree = "<group>";
		};
		33E814FF2A07F5280038DAFA /* Products */ = {
			isa = PBXGroup;
			children = (
				33E814FE2A07F5280038DAFA /* MindMyHat.app */,
				33E8150E2A07F52A0038DAFA /* MindMyHatTests.xctest */,
				33E815182A07F52A0038DAFA /* MindMyHatUITests.xctest */,
			);
			name = Products;
			sourceTree = "<group>";
		};
		33E815002A07F5280038DAFA /* MindMyHat */ = {
			isa = PBXGroup;
			children = (
				33E8152B2A07F5450038DAFA /* README.md */,
				33E815012A07F5280038DAFA /* MindMyHatApp.swift */,
				33E815032A07F5280038DAFA /* ContentView.swift */,
				33E815052A07F5290038DAFA /* Assets.xcassets */,
				33E815072A07F5290038DAFA /* Preview Content */,
			);
			path = MindMyHat;
			sourceTree = "<group>";
		};
		33E815072A07F5290038DAFA /* Preview Content */ = {
			isa = PBXGroup;
			children = (
				33E815082A07F5290038DAFA /* Preview Assets.xcassets */,
			);
			path = "Preview Content";
			sourceTree = "<group>";
		};
		33E815112A07F52A0038DAFA /* MindMyHatTests */ = {
			isa = PBXGroup;
			children = (
				33E815122A07F52A0038DAFA /* MindMyHatTests.swift */,
			);
			path = MindMyHatTests;
			sourceTree = "<group>";
		};
		33E8151B2A07F52A0038DAFA /* MindMyHatUITests */ = {
			isa = PBXGroup;
			children = (
				33E8151C2A07F52A0038DAFA /* MindMyHatUITests.swift */,
				33E8151E2A07F52A0038DAFA /* MindMyHatUITestsLaunchTests.swift */,
			);
			path = MindMyHatUITests;
			sourceTree = "<group>";
		};
/* End PBXGroup section */

/* Begin PBXNativeTarget section */
		33E814FD2A07F5280038DAFA /* MindMyHat */ = {
			isa = PBXNativeTarget;
			buildConfigurationList = 33E815222A07F52A0038DAFA /* Build configuration list for PBXNativeTarget "MindMyHat" */;
			buildPhases = (
				33E814FA2A07F5280038DAFA /* Sources */,
				33E814FB2A07F5280038DAFA /* Frameworks */,
				33E814FC2A07F5280038DAFA /* Resources */,
			);
			buildRules = (
			);
			dependencies = (
			);
			name = MindMyHat;
			productName = MindMyHat;
			productReference = 33E814FE2A07F5280038DAFA /* MindMyHat.app */;
			productType = "com.apple.product-type.application";
		};
		33E8150D2A07F52A0038DAFA /* MindMyHatTests */ = {
			isa = PBXNativeTarget;
			buildConfigurationList = 33E815252A07F52A0038DAFA /* Build configuration list for PBXNativeTarget "MindMyHatTests" */;
			buildPhases = (
				33E8150A2A07F52A0038DAFA /* Sources */,
				33E8150B2A07F52A0038DAFA /* Frameworks */,
				33E8150C2A07F52A0038DAFA /* Resources */,
			);
			buildRules = (
			);
			dependencies = (
				33E815102A07F52A0038DAFA /* PBXTargetDependency */,
			);
			name = MindMyHatTests;
			productName = MindMyHatTests;
			productReference = 33E8150E2A07F52A0038DAFA /* MindMyHatTests.xctest */;
			productType = "com.apple.product-type.bundle.unit-test";
		};
		33E815172A07F52A0038DAFA /* MindMyHatUITests */ = {
			isa = PBXNativeTarget;
			buildConfigurationList = 33E815282A07F52A0038DAFA /* Build configuration list for PBXNativeTarget "MindMyHatUITests" */;
			buildPhases = (
				33E815142A07F52A0038DAFA /* Sources */,
				33E815152A07F52A0038DAFA /* Frameworks */,
				33E815162A07F52A0038DAFA /* Resources */,
			);
			buildRules = (
			);
			dependencies = (
				33E8151A2A07F52A0038DAFA /* PBXTargetDependency */,
			);
			name = MindMyHatUITests;
			productName = MindMyHatUITests;
			productReference = 33E815182A07F52A0038DAFA /* MindMyHatUITests.xctest */;
			productType = "com.apple.product-type.bundle.ui-testing";
		};
/* End PBXNativeTarget section */

/* Begin PBXProject section */
		33E814F62A07F5270038DAFA /* Project object */ = {
			isa = PBXProject;
			attributes = {
				BuildIndependentTargetsInParallel = 1;
				LastSwiftUpdateCheck = 1430;
				LastUpgradeCheck = 1430;
				TargetAttributes = {
					33E814FD2A07F5280038DAFA = {
						CreatedOnToolsVersion = 14.3;
					};
					33E8150D2A07F52A0038DAFA = {
						CreatedOnToolsVersion = 14.3;
						TestTargetID = 33E814FD2A07F5280038DAFA;
					};
					33E815172A07F52A0038DAFA = {
						CreatedOnToolsVersion = 14.3;
						TestTargetID = 33E814FD2A07F5280038DAFA;
					};
				};
			};
			buildConfigurationList = 33E814F92A07F5270038DAFA /* Build configuration list for PBXProject "MindMyHat" */;
			compatibilityVersion = "Xcode 14.0";
			developmentRegion = en;
			hasScannedForEncodings = 0;
			knownRegions = (
				en,
				Base,
			);
			mainGroup = 33E814F52A07F5270038DAFA;
			productRefGroup = 33E814FF2A07F5280038DAFA /* Products */;
			projectDirPath = "";
			projectRoot = "";
			targets = (
				33E814FD2A07F5280038DAFA /* MindMyHat */,
				33E8150D2A07F52A0038DAFA /* MindMyHatTests */,
				33E815172A07F52A0038DAFA /* MindMyHatUITests */,
			);
		};
/* End PBXProject section */

/* Begin PBXResourcesBuildPhase section */
		33E814FC2A07F5280038DAFA /* Resources */ = {
			isa = PBXResourcesBuildPhase;
			buildActionMask = 2147483647;
			files = (
				33E8152C2A07F5450038DAFA /* README.md in Resources */,
				33E815092A07F5290038DAFA /* Preview Assets.xcassets in Resources */,
				33E815062A07F5290038DAFA /* Assets.xcassets in Resources */,
			);
			runOnlyForDeploymentPostprocessing = 0;
		};
		33E8150C2A07F52A0038DAFA /* Resources */ = {
			isa = PBXResourcesBuildPhase;
			buildActionMask = 2147483647;
			files = (
			);
			runOnlyForDeploymentPostprocessing = 0;
		};
		33E815162A07F52A0038DAFA /* Resources */ = {
			isa = PBXResourcesBuildPhase;
			buildActionMask = 2147483647;
			files = (
			);
			runOnlyForDeploymentPostprocessing = 0;
		};
/* End PBXResourcesBuildPhase section */

/* Begin PBXSourcesBuildPhase section */
		33E814FA2A07F5280038DAFA /* Sources */ = {
			isa = PBXSourcesBuildPhase;
			buildActionMask = 2147483647;
			files = (
				33E815042A07F5280038DAFA /* ContentView.swift in Sources */,
				33E815022A07F5280038DAFA /* MindMyHatApp.swift in Sources */,
			);
			runOnlyForDeploymentPostprocessing = 0;
		};
		33E8150A2A07F52A0038DAFA /* Sources */ = {
			isa = PBXSourcesBuildPhase;
			buildActionMask = 2147483647;
			files = (
				33E815132A07F52A0038DAFA /* MindMyHatTests.swift in Sources */,
			);
			runOnlyForDeploymentPostprocessing = 0;
		};
		33E815142A07F52A0038DAFA /* Sources */ = {
			isa = PBXSourcesBuildPhase;
			buildActionMask = 2147483647;
			files = (
				33E8151F2A07F52A0038DAFA /* MindMyHatUITestsLaunchTests.swift in Sources */,
				33E8151D2A07F52A0038DAFA /* MindMyHatUITests.swift in Sources */,
			);
			runOnlyForDeploymentPostprocessing = 0;
		};
/* End PBXSourcesBuildPhase section */

/* Begin PBXTargetDependency section */
		33E815102A07F52A0038DAFA /* PBXTargetDependency */ = {
			isa = PBXTargetDependency;
			target = 33E814FD2A07F5280038DAFA /* MindMyHat */;
			targetProxy = 33E8150F2A07F52A0038DAFA /* PBXContainerItemProxy */;
		};
		33E8151A2A07F52A0038DAFA /* PBXTargetDependency */ = {
			isa = PBXTargetDependency;
			target = 33E814FD2A07F5280038DAFA /* MindMyHat */;
			targetProxy = 33E815192A07F52A0038DAFA /* PBXContainerItemProxy */;
		};
/* End PBXTargetDependency section */

/* Begin XCBuildConfiguration section */
		33E815202A07F52A0038DAFA /* Debug */ = {
			isa = XCBuildConfiguration;
			buildSettings = {
				ALWAYS_SEARCH_USER_PATHS = NO;
				CLANG_ANALYZER_NONNULL = YES;
				CLANG_ANALYZER_NUMBER_OBJECT_CONVERSION = YES_AGGRESSIVE;
				CLANG_CXX_LANGUAGE_STANDARD = "gnu++20";
				CLANG_ENABLE_MODULES = YES;
				CLANG_ENABLE_OBJC_ARC = YES;
				CLANG_ENABLE_OBJC_WEAK = YES;
				CLANG_WARN_BLOCK_CAPTURE_AUTORELEASING = YES;
				CLANG_WARN_BOOL_CONVERSION = YES;
				CLANG_WARN_COMMA = YES;
				CLANG_WARN_CONSTANT_CONVERSION = YES;
				CLANG_WARN_DEPRECATED_OBJC_IMPLEMENTATIONS = YES;
				CLANG_WARN_DIRECT_OBJC_ISA_USAGE = YES_ERROR;
				CLANG_WARN_DOCUMENTATION_COMMENTS = YES;
				CLANG_WARN_EMPTY_BODY = YES;
				CLANG_WARN_ENUM_CONVERSION = YES;
				CLANG_WARN_INFINITE_RECURSION = YES;
				CLANG_WARN_INT_CONVERSION = YES;
				CLANG_WARN_NON_LITERAL_NULL_CONVERSION = YES;
				CLANG_WARN_OBJC_IMPLICIT_RETAIN_SELF = YES;
				CLANG_WARN_OBJC_LITERAL_CONVERSION = YES;
				CLANG_WARN_OBJC_ROOT_CLASS = YES_ERROR;
				CLANG_WARN_QUOTED_INCLUDE_IN_FRAMEWORK_HEADER = YES;
				CLANG_WARN_RANGE_LOOP_ANALYSIS = YES;
				CLANG_WARN_STRICT_PROTOTYPES = YES;
				CLANG_WARN_SUSPICIOUS_MOVE = YES;
				CLANG_WARN_UNGUARDED_AVAILABILITY = YES_AGGRESSIVE;
				CLANG_WARN_UNREACHABLE_CODE = YES;
				CLANG_WARN__DUPLICATE_METHOD_MATCH = YES;
				COPY_PHASE_STRIP = NO;
				DEBUG_INFORMATION_FORMAT = dwarf;
				ENABLE_STRICT_OBJC_MSGSEND = YES;
				ENABLE_TESTABILITY = YES;
				GCC_C_LANGUAGE_STANDARD = gnu11;
				GCC_DYNAMIC_NO_PIC = NO;
				GCC_NO_COMMON_BLOCKS = YES;
				GCC_OPTIMIZATION_LEVEL = 0;
				GCC_PREPROCESSOR_DEFINITIONS = (
					"DEBUG=1",
					"$(inherited)",
				);
				GCC_WARN_64_TO_32_BIT_CONVERSION = YES;
				GCC_WARN_ABOUT_RETURN_TYPE = YES_ERROR;
				GCC_WARN_UNDECLARED_SELECTOR = YES;
				GCC_WARN_UNINITIALIZED_AUTOS = YES_AGGRESSIVE;
				GCC_WARN_UNUSED_FUNCTION = YES;
				GCC_WARN_UNUSED_VARIABLE = YES;
				IPHONEOS_DEPLOYMENT_TARGET = 16.4;
				MTL_ENABLE_DEBUG_INFO = INCLUDE_SOURCE;
				MTL_FAST_MATH = YES;
				ONLY_ACTIVE_ARCH = YES;
				SDKROOT = iphoneos;
				SWIFT_ACTIVE_COMPILATION_CONDITIONS = DEBUG;
				SWIFT_OPTIMIZATION_LEVEL = "-Onone";
			};
			name = Debug;
		};
		33E815212A07F52A0038DAFA /* Release */ = {
			isa = XCBuildConfiguration;
			buildSettings = {
				ALWAYS_SEARCH_USER_PATHS = NO;
				CLANG_ANALYZER_NONNULL = YES;
				CLANG_ANALYZER_NUMBER_OBJECT_CONVERSION = YES_AGGRESSIVE;
				CLANG_CXX_LANGUAGE_STANDARD = "gnu++20";
				CLANG_ENABLE_MODULES = YES;
				CLANG_ENABLE_OBJC_ARC = YES;
				CLANG_ENABLE_OBJC_WEAK = YES;
				CLANG_WARN_BLOCK_CAPTURE_AUTORELEASING = YES;
				CLANG_WARN_BOOL_CONVERSION = YES;
				CLANG_WARN_COMMA = YES;
				CLANG_WARN_CONSTANT_CONVERSION = YES;
				CLANG_WARN_DEPRECATED_OBJC_IMPLEMENTATIONS = YES;
				CLANG_WARN_DIRECT_OBJC_ISA_USAGE = YES_ERROR;
				CLANG_WARN_DOCUMENTATION_COMMENTS = YES;
				CLANG_WARN_EMPTY_BODY = YES;
				CLANG_WARN_ENUM_CONVERSION = YES;
				CLANG_WARN_INFINITE_RECURSION = YES;
				CLANG_WARN_INT_CONVERSION = YES;
				CLANG_WARN_NON_LITERAL_NULL_CONVERSION = YES;
				CLANG_WARN_OBJC_IMPLICIT_RETAIN_SELF = YES;
				CLANG_WARN_OBJC_LITERAL_CONVERSION = YES;
				CLANG_WARN_OBJC_ROOT_CLASS = YES_ERROR;
				CLANG_WARN_QUOTED_INCLUDE_IN_FRAMEWORK_HEADER = YES;
				CLANG_WARN_RANGE_LOOP_ANALYSIS = YES;
				CLANG_WARN_STRICT_PROTOTYPES = YES;
				CLANG_WARN_SUSPICIOUS_MOVE = YES;
				CLANG_WARN_UNGUARDED_AVAILABILITY = YES_AGGRESSIVE;
				CLANG_WARN_UNREACHABLE_CODE = YES;
				CLANG_WARN__DUPLICATE_METHOD_MATCH = YES;
				COPY_PHASE_STRIP = NO;
				DEBUG_INFORMATION_FORMAT = "dwarf-with-dsym";
				ENABLE_NS_ASSERTIONS = NO;
				ENABLE_STRICT_OBJC_MSGSEND = YES;
				GCC_C_LANGUAGE_STANDARD = gnu11;
				GCC_NO_COMMON_BLOCKS = YES;
				GCC_WARN_64_TO_32_BIT_CONVERSION = YES;
				GCC_WARN_ABOUT_RETURN_TYPE = YES_ERROR;
				GCC_WARN_UNDECLARED_SELECTOR = YES;
				GCC_WARN_UNINITIALIZED_AUTOS = YES_AGGRESSIVE;
				GCC_WARN_UNUSED_FUNCTION = YES;
				GCC_WARN_UNUSED_VARIABLE = YES;
				IPHONEOS_DEPLOYMENT_TARGET = 16.4;
				MTL_ENABLE_DEBUG_INFO = NO;
				MTL_FAST_MATH = YES;
				SDKROOT = iphoneos;
				SWIFT_COMPILATION_MODE = wholemodule;
				SWIFT_OPTIMIZATION_LEVEL = "-O";
				VALIDATE_PRODUCT = YES;
			};
			name = Release;
		};
		33E815232A07F52A0038DAFA /* Debug */ = {
			isa = XCBuildConfiguration;
			buildSettings = {
				ASSETCATALOG_COMPILER_APPICON_NAME = AppIcon;
				ASSETCATALOG_COMPILER_GLOBAL_ACCENT_COLOR_NAME = AccentColor;
				CODE_SIGN_STYLE = Automatic;
				CURRENT_PROJECT_VERSION = 1;
				DEVELOPMENT_ASSET_PATHS = "\"MindMyHat/Preview Content\"";
				DEVELOPMENT_TEAM = 2F4C5Q99XV;
				ENABLE_PREVIEWS = YES;
				GENERATE_INFOPLIST_FILE = YES;
				INFOPLIST_KEY_UIApplicationSceneManifest_Generation = YES;
				INFOPLIST_KEY_UIApplicationSupportsIndirectInputEvents = YES;
				INFOPLIST_KEY_UILaunchScreen_Generation = YES;
				INFOPLIST_KEY_UISupportedInterfaceOrientations_iPad = "UIInterfaceOrientationPortrait UIInterfaceOrientationPortraitUpsideDown UIInterfaceOrientationLandscapeLeft UIInterfaceOrientationLandscapeRight";
				INFOPLIST_KEY_UISupportedInterfaceOrientations_iPhone = "UIInterfaceOrientationPortrait UIInterfaceOrientationLandscapeLeft UIInterfaceOrientationLandscapeRight";
				LD_RUNPATH_SEARCH_PATHS = (
					"$(inherited)",
					"@executable_path/Frameworks",
				);
				MARKETING_VERSION = 1.0;
				PRODUCT_BUNDLE_IDENTIFIER = com.apabbott.MindMyHat;
				PRODUCT_NAME = "$(TARGET_NAME)";
				SWIFT_EMIT_LOC_STRINGS = YES;
				SWIFT_VERSION = 5.0;
				TARGETED_DEVICE_FAMILY = "1,2";
			};
			name = Debug;
		};
		33E815242A07F52A0038DAFA /* Release */ = {
			isa = XCBuildConfiguration;
			buildSettings = {
				ASSETCATALOG_COMPILER_APPICON_NAME = AppIcon;
				ASSETCATALOG_COMPILER_GLOBAL_ACCENT_COLOR_NAME = AccentColor;
				CODE_SIGN_STYLE = Automatic;
				CURRENT_PROJECT_VERSION = 1;
				DEVELOPMENT_ASSET_PATHS = "\"MindMyHat/Preview Content\"";
				DEVELOPMENT_TEAM = 2F4C5Q99XV;
				ENABLE_PREVIEWS = YES;
				GENERATE_INFOPLIST_FILE = YES;
				INFOPLIST_KEY_UIApplicationSceneManifest_Generation = YES;
				INFOPLIST_KEY_UIApplicationSupportsIndirectInputEvents = YES;
				INFOPLIST_KEY_UILaunchScreen_Generation = YES;
				INFOPLIST_KEY_UISupportedInterfaceOrientations_iPad = "UIInterfaceOrientationPortrait UIInterfaceOrientationPortraitUpsideDown UIInterfaceOrientationLandscapeLeft UIInterfaceOrientationLandscapeRight";
				INFOPLIST_KEY_UISupportedInterfaceOrientations_iPhone = "UIInterfaceOrientationPortrait UIInterfaceOrientationLandscapeLeft UIInterfaceOrientationLandscapeRight";
				LD_RUNPATH_SEARCH_PATHS = (
					"$(inherited)",
					"@executable_path/Frameworks",
				);
				MARKETING_VERSION = 1.0;
				PRODUCT_BUNDLE_IDENTIFIER = com.apabbott.MindMyHat;
				PRODUCT_NAME = "$(TARGET_NAME)";
				SWIFT_EMIT_LOC_STRINGS = YES;
				SWIFT_VERSION = 5.0;
				TARGETED_DEVICE_FAMILY = "1,2";
			};
			name = Release;
		};
		33E815262A07F52A0038DAFA /* Debug */ = {
			isa = XCBuildConfiguration;
			buildSettings = {
				ALWAYS_EMBED_SWIFT_STANDARD_LIBRARIES = YES;
				BUNDLE_LOADER = "$(TEST_HOST)";
				CODE_SIGN_STYLE = Automatic;
				CURRENT_PROJECT_VERSION = 1;
				DEVELOPMENT_TEAM = 2F4C5Q99XV;
				GENERATE_INFOPLIST_FILE = YES;
				IPHONEOS_DEPLOYMENT_TARGET = 16.4;
				MARKETING_VERSION = 1.0;
				PRODUCT_BUNDLE_IDENTIFIER = com.apabbott.MindMyHatTests;
				PRODUCT_NAME = "$(TARGET_NAME)";
				SWIFT_EMIT_LOC_STRINGS = NO;
				SWIFT_VERSION = 5.0;
				TARGETED_DEVICE_FAMILY = "1,2";
				TEST_HOST = "$(BUILT_PRODUCTS_DIR)/MindMyHat.app/$(BUNDLE_EXECUTABLE_FOLDER_PATH)/MindMyHat";
			};
			name = Debug;
		};
		33E815272A07F52A0038DAFA /* Release */ = {
			isa = XCBuildConfiguration;
			buildSettings = {
				ALWAYS_EMBED_SWIFT_STANDARD_LIBRARIES = YES;
				BUNDLE_LOADER = "$(TEST_HOST)";
				CODE_SIGN_STYLE = Automatic;
				CURRENT_PROJECT_VERSION = 1;
				DEVELOPMENT_TEAM = 2F4C5Q99XV;
				GENERATE_INFOPLIST_FILE = YES;
				IPHONEOS_DEPLOYMENT_TARGET = 16.4;
				MARKETING_VERSION = 1.0;
				PRODUCT_BUNDLE_IDENTIFIER = com.apabbott.MindMyHatTests;
				PRODUCT_NAME = "$(TARGET_NAME)";
				SWIFT_EMIT_LOC_STRINGS = NO;
				SWIFT_VERSION = 5.0;
				TARGETED_DEVICE_FAMILY = "1,2";
				TEST_HOST = "$(BUILT_PRODUCTS_DIR)/MindMyHat.app/$(BUNDLE_EXECUTABLE_FOLDER_PATH)/MindMyHat";
			};
			name = Release;
		};
		33E815292A07F52A0038DAFA /* Debug */ = {
			isa = XCBuildConfiguration;
			buildSettings = {
				ALWAYS_EMBED_SWIFT_STANDARD_LIBRARIES = YES;
				CODE_SIGN_STYLE = Automatic;
				CURRENT_PROJECT_VERSION = 1;
				DEVELOPMENT_TEAM = 2F4C5Q99XV;
				GENERATE_INFOPLIST_FILE = YES;
				MARKETING_VERSION = 1.0;
				PRODUCT_BUNDLE_IDENTIFIER = com.apabbott.MindMyHatUITests;
				PRODUCT_NAME = "$(TARGET_NAME)";
				SWIFT_EMIT_LOC_STRINGS = NO;
				SWIFT_VERSION = 5.0;
				TARGETED_DEVICE_FAMILY = "1,2";
				TEST_TARGET_NAME = MindMyHat;
			};
			name = Debug;
		};
		33E8152A2A07F52A0038DAFA /* Release */ = {
			isa = XCBuildConfiguration;
			buildSettings = {
				ALWAYS_EMBED_SWIFT_STANDARD_LIBRARIES = YES;
				CODE_SIGN_STYLE = Automatic;
				CURRENT_PROJECT_VERSION = 1;
				DEVELOPMENT_TEAM = 2F4C5Q99XV;
				GENERATE_INFOPLIST_FILE = YES;
				MARKETING_VERSION = 1.0;
				PRODUCT_BUNDLE_IDENTIFIER = com.apabbott.MindMyHatUITests;
				PRODUCT_NAME = "$(TARGET_NAME)";
				SWIFT_EMIT_LOC_STRINGS = NO;
				SWIFT_VERSION = 5.0;
				TARGETED_DEVICE_FAMILY = "1,2";
				TEST_TARGET_NAME = MindMyHat;
			};
			name = Release;
		};
/* End XCBuildConfiguration section */

/* Begin XCConfigurationList section */
		33E814F92A07F5270038DAFA /* Build configuration list for PBXProject "MindMyHat" */ = {
			isa = XCConfigurationList;
			buildConfigurations = (
				33E815202A07F52A0038DAFA /* Debug */,
				33E815212A07F52A0038DAFA /* Release */,
			);
			defaultConfigurationIsVisible = 0;
			defaultConfigurationName = Release;
		};
		33E815222A07F52A0038DAFA /* Build configuration list for PBXNativeTarget "MindMyHat" */ = {
			isa = XCConfigurationList;
			buildConfigurations = (
				33E815232A07F52A0038DAFA /* Debug */,
				33E815242A07F52A0038DAFA /* Release */,
			);
			defaultConfigurationIsVisible = 0;
			defaultConfigurationName = Release;
		};
		33E815252A07F52A0038DAFA /* Build configuration list for PBXNativeTarget "MindMyHatTests" */ = {
			isa = XCConfigurationList;
			buildConfigurations = (
				33E815262A07F52A0038DAFA /* Debug */,
				33E815272A07F52A0038DAFA /* Release */,
			);
			defaultConfigurationIsVisible = 0;
			defaultConfigurationName = Release;
		};
		33E815282A07F52A0038DAFA /* Build configuration list for PBXNativeTarget "MindMyHatUITests" */ = {
			isa = XCConfigurationList;
			buildConfigurations = (
				33E815292A07F52A0038DAFA /* Debug */,
				33E8152A2A07F52A0038DAFA /* Release */,
			);
			defaultConfigurationIsVisible = 0;
			defaultConfigurationName = Release;
		};
/* End XCConfigurationList section */
	};
	rootObject = 33E814F62A07F5270038DAFA /* Project object */;
}
